
Microsoft Visual Studio Solution File, Format Version 12.00
# Visual Studio Version 17
VisualStudioVersion = 17.9.34728.123
MinimumVisualStudioVersion = 10.0.40219.1
Project("{FAE04EC0-301F-11D3-BF4B-00C04F79EFBC}") = "marafon", "marafon\marafon.csproj", "{9AA14B7D-F24C-49D4-9F92-6BD1D7C74741}"
EndProject
Global
	GlobalSection(SolutionConfigurationPlatforms) = preSolution
		Debug|Any CPU = Debug|Any CPU
		Release|Any CPU = Release|Any CPU
	EndGlobalSection
	GlobalSection(ProjectConfigurationPlatforms) = postSolution
		{9AA14B7D-F24C-49D4-9F92-6BD1D7C74741}.Debug|Any CPU.ActiveCfg = Debug|Any CPU
		{9AA14B7D-F24C-49D4-9F92-6BD1D7C74741}.Debug|Any CPU.Build.0 = Debug|Any CPU
		{9AA14B7D-F24C-49D4-9F92-6BD1D7C74741}.Release|Any CPU.ActiveCfg = Release|Any CPU
		{9AA14B7D-F24C-49D4-9F92-6BD1D7C74741}.Release|Any CPU.Build.0 = Release|Any CPU
	EndGlobalSection
	GlobalSection(SolutionProperties) = preSolution
		HideSolutionNode = FALSE
	EndGlobalSection
	GlobalSection(ExtensibilityGlobals) = postSolution
		SolutionGuid = {D1450BC1-46EC-4F77-855E-358760062831}
	EndGlobalSection
EndGlobal
